// !$*UTF8*$!
{
	archiveVersion = 1;
	classes = {
	};
	objectVersion = 50;
	objects = {

/* Begin PBXBuildFile section */
		9BDC73A9214C7051005B2827 /* AppDelegate.swift in Sources */ = {isa = PBXBuildFile; fileRef = 9BDC73A8214C7051005B2827 /* AppDelegate.swift */; };
		9BDC73AB214C7051005B2827 /* ViewController.swift in Sources */ = {isa = PBXBuildFile; fileRef = 9BDC73AA214C7051005B2827 /* ViewController.swift */; };
		9BDC73AE214C7051005B2827 /* Main.storyboard in Resources */ = {isa = PBXBuildFile; fileRef = 9BDC73AC214C7051005B2827 /* Main.storyboard */; };
		9BDC73B0214C7054005B2827 /* Assets.xcassets in Resources */ = {isa = PBXBuildFile; fileRef = 9BDC73AF214C7054005B2827 /* Assets.xcassets */; };
		9BDC73B3214C7054005B2827 /* LaunchScreen.storyboard in Resources */ = {isa = PBXBuildFile; fileRef = 9BDC73B1214C7054005B2827 /* LaunchScreen.storyboard */; };
		9BDC73BE214C7054005B2827 /* TipCalTests.swift in Sources */ = {isa = PBXBuildFile; fileRef = 9BDC73BD214C7054005B2827 /* TipCalTests.swift */; };
		9BDC73C9214C7054005B2827 /* TipCalUITests.swift in Sources */ = {isa = PBXBuildFile; fileRef = 9BDC73C8214C7054005B2827 /* TipCalUITests.swift */; };
/* End PBXBuildFile section */

/* Begin PBXContainerItemProxy section */
		9BDC73BA214C7054005B2827 /* PBXContainerItemProxy */ = {
			isa = PBXContainerItemProxy;
			containerPortal = 9BDC739D214C7050005B2827 /* Project object */;
			proxyType = 1;
			remoteGlobalIDString = 9BDC73A4214C7050005B2827;
			remoteInfo = TipCal;
		};
		9BDC73C5214C7054005B2827 /* PBXContainerItemProxy */ = {
			isa = PBXContainerItemProxy;
			containerPortal = 9BDC739D214C7050005B2827 /* Project object */;
			proxyType = 1;
			remoteGlobalIDString = 9BDC73A4214C7050005B2827;
			remoteInfo = TipCal;
		};
/* End PBXContainerItemProxy section */

/* Begin PBXFileReference section */
		9BDC73A5214C7051005B2827 /* TipCal.app */ = {isa = PBXFileReference; explicitFileType = wrapper.application; includeInIndex = 0; path = TipCal.app; sourceTree = BUILT_PRODUCTS_DIR; };
		9BDC73A8214C7051005B2827 /* AppDelegate.swift */ = {isa = PBXFileReference; lastKnownFileType = sourcecode.swift; path = AppDelegate.swift; sourceTree = "<group>"; };
		9BDC73AA214C7051005B2827 /* ViewController.swift */ = {isa = PBXFileReference; lastKnownFileType = sourcecode.swift; path = ViewController.swift; sourceTree = "<group>"; };
		9BDC73AD214C7051005B2827 /* Base */ = {isa = PBXFileReference; lastKnownFileType = file.storyboard; name = Base; path = Base.lproj/Main.storyboard; sourceTree = "<group>"; };
		9BDC73AF214C7054005B2827 /* Assets.xcassets */ = {isa = PBXFileReference; lastKnownFileType = folder.assetcatalog; path = Assets.xcassets; sourceTree = "<group>"; };
		9BDC73B2214C7054005B2827 /* Base */ = {isa = PBXFileReference; lastKnownFileType = file.storyboard; name = Base; path = Base.lproj/LaunchScreen.storyboard; sourceTree = "<group>"; };
		9BDC73B4214C7054005B2827 /* Info.plist */ = {isa = PBXFileReference; lastKnownFileType = text.plist.xml; path = Info.plist; sourceTree = "<group>"; };
		9BDC73B9214C7054005B2827 /* TipCalTests.xctest */ = {isa = PBXFileReference; explicitFileType = wrapper.cfbundle; includeInIndex = 0; path = TipCalTests.xctest; sourceTree = BUILT_PRODUCTS_DIR; };
		9BDC73BD214C7054005B2827 /* TipCalTests.swift */ = {isa = PBXFileReference; lastKnownFileType = sourcecode.swift; path = TipCalTests.swift; sourceTree = "<group>"; };
		9BDC73BF214C7054005B2827 /* Info.plist */ = {isa = PBXFileReference; lastKnownFileType = text.plist.xml; path = Info.plist; sourceTree = "<group>"; };
		9BDC73C4214C7054005B2827 /* TipCalUITests.xctest */ = {isa = PBXFileReference; explicitFileType = wrapper.cfbundle; includeInIndex = 0; path = TipCalUITests.xctest; sourceTree = BUILT_PRODUCTS_DIR; };
		9BDC73C8214C7054005B2827 /* TipCalUITests.swift */ = {isa = PBXFileReference; lastKnownFileType = sourcecode.swift; path = TipCalUITests.swift; sourceTree = "<group>"; };
		9BDC73CA214C7054005B2827 /* Info.plist */ = {isa = PBXFileReference; lastKnownFileType = text.plist.xml; path = Info.plist; sourceTree = "<group>"; };
/* End PBXFileReference section */

/* Begin PBXFrameworksBuildPhase section */
		9BDC73A2214C7050005B2827 /* Frameworks */ = {
			isa = PBXFrameworksBuildPhase;
			buildActionMask = 2147483647;
			files = (
			);
			runOnlyForDeploymentPostprocessing = 0;
		};
		9BDC73B6214C7054005B2827 /* Frameworks */ = {
			isa = PBXFrameworksBuildPhase;
			buildActionMask = 2147483647;
			files = (
			);
			runOnlyForDeploymentPostprocessing = 0;
		};
		9BDC73C1214C7054005B2827 /* Frameworks */ = {
			isa = PBXFrameworksBuildPhase;
			buildActionMask = 2147483647;
			files = (
			);
			runOnlyForDeploymentPostprocessing = 0;
		};
/* End PBXFrameworksBuildPhase section */

/* Begin PBXGroup section */
		9BDC739C214C7050005B2827 = {
			isa = PBXGroup;
			children = (
				9BDC73A7214C7051005B2827 /* TipCal */,
				9BDC73BC214C7054005B2827 /* TipCalTests */,
				9BDC73C7214C7054005B2827 /* TipCalUITests */,
				9BDC73A6214C7051005B2827 /* Products */,
			);
			sourceTree = "<group>";
		};
		9BDC73A6214C7051005B2827 /* Products */ = {
			isa = PBXGroup;
			children = (
				9BDC73A5214C7051005B2827 /* TipCal.app */,
				9BDC73B9214C7054005B2827 /* TipCalTests.xctest */,
				9BDC73C4214C7054005B2827 /* TipCalUITests.xctest */,
			);
			name = Products;
			sourceTree = "<group>";
		};
		9BDC73A7214C7051005B2827 /* TipCal */ = {
			isa = PBXGroup;
			children = (
				9BDC73A8214C7051005B2827 /* AppDelegate.swift */,
				9BDC73AA214C7051005B2827 /* ViewController.swift */,
				9BDC73AC214C7051005B2827 /* Main.storyboard */,
				9BDC73AF214C7054005B2827 /* Assets.xcassets */,
				9BDC73B1214C7054005B2827 /* LaunchScreen.storyboard */,
				9BDC73B4214C7054005B2827 /* Info.plist */,
			);
			path = TipCal;
			sourceTree = "<group>";
		};
		9BDC73BC214C7054005B2827 /* TipCalTests */ = {
			isa = PBXGroup;
			children = (
				9BDC73BD214C7054005B2827 /* TipCalTests.swift */,
				9BDC73BF214C7054005B2827 /* Info.plist */,
			);
			path = TipCalTests;
			sourceTree = "<group>";
		};
		9BDC73C7214C7054005B2827 /* TipCalUITests */ = {
			isa = PBXGroup;
			children = (
				9BDC73C8214C7054005B2827 /* TipCalUITests.swift */,
				9BDC73CA214C7054005B2827 /* Info.plist */,
			);
			path = TipCalUITests;
			sourceTree = "<group>";
		};
/* End PBXGroup section */

/* Begin PBXNativeTarget section */
		9BDC73A4214C7050005B2827 /* TipCal */ = {
			isa = PBXNativeTarget;
			buildConfigurationList = 9BDC73CD214C7054005B2827 /* Build configuration list for PBXNativeTarget "TipCal" */;
			buildPhases = (
				9BDC73A1214C7050005B2827 /* Sources */,
				9BDC73A2214C7050005B2827 /* Frameworks */,
				9BDC73A3214C7050005B2827 /* Resources */,
			);
			buildRules = (
			);
			dependencies = (
			);
			name = TipCal;
			productName = TipCal;
			productReference = 9BDC73A5214C7051005B2827 /* TipCal.app */;
			productType = "com.apple.product-type.application";
		};
		9BDC73B8214C7054005B2827 /* TipCalTests */ = {
			isa = PBXNativeTarget;
			buildConfigurationList = 9BDC73D0214C7054005B2827 /* Build configuration list for PBXNativeTarget "TipCalTests" */;
			buildPhases = (
				9BDC73B5214C7054005B2827 /* Sources */,
				9BDC73B6214C7054005B2827 /* Frameworks */,
				9BDC73B7214C7054005B2827 /* Resources */,
			);
			buildRules = (
			);
			dependencies = (
				9BDC73BB214C7054005B2827 /* PBXTargetDependency */,
			);
			name = TipCalTests;
			productName = TipCalTests;
			productReference = 9BDC73B9214C7054005B2827 /* TipCalTests.xctest */;
			productType = "com.apple.product-type.bundle.unit-test";
		};
		9BDC73C3214C7054005B2827 /* TipCalUITests */ = {
			isa = PBXNativeTarget;
			buildConfigurationList = 9BDC73D3214C7054005B2827 /* Build configuration list for PBXNativeTarget "TipCalUITests" */;
			buildPhases = (
				9BDC73C0214C7054005B2827 /* Sources */,
				9BDC73C1214C7054005B2827 /* Frameworks */,
				9BDC73C2214C7054005B2827 /* Resources */,
			);
			buildRules = (
			);
			dependencies = (
				9BDC73C6214C7054005B2827 /* PBXTargetDependency */,
			);
			name = TipCalUITests;
			productName = TipCalUITests;
			productReference = 9BDC73C4214C7054005B2827 /* TipCalUITests.xctest */;
			productType = "com.apple.product-type.bundle.ui-testing";
		};
/* End PBXNativeTarget section */

/* Begin PBXProject section */
		9BDC739D214C7050005B2827 /* Project object */ = {
			isa = PBXProject;
			attributes = {
				LastSwiftUpdateCheck = 0940;
				LastUpgradeCheck = 0940;
				ORGANIZATIONNAME = "Van Lao";
				TargetAttributes = {
					9BDC73A4214C7050005B2827 = {
						CreatedOnToolsVersion = 9.4.1;
					};
					9BDC73B8214C7054005B2827 = {
						CreatedOnToolsVersion = 9.4.1;
						TestTargetID = 9BDC73A4214C7050005B2827;
					};
					9BDC73C3214C7054005B2827 = {
						CreatedOnToolsVersion = 9.4.1;
						TestTargetID = 9BDC73A4214C7050005B2827;
					};
				};
			};
			buildConfigurationList = 9BDC73A0214C7050005B2827 /* Build configuration list for PBXProject "TipCal" */;
			compatibilityVersion = "Xcode 9.3";
			developmentRegion = en;
			hasScannedForEncodings = 0;
			knownRegions = (
				en,
				Base,
			);
			mainGroup = 9BDC739C214C7050005B2827;
			productRefGroup = 9BDC73A6214C7051005B2827 /* Products */;
			projectDirPath = "";
			projectRoot = "";
			targets = (
				9BDC73A4214C7050005B2827 /* TipCal */,
				9BDC73B8214C7054005B2827 /* TipCalTests */,
				9BDC73C3214C7054005B2827 /* TipCalUITests */,
			);
		};
/* End PBXProject section */

/* Begin PBXResourcesBuildPhase section */
		9BDC73A3214C7050005B2827 /* Resources */ = {
			isa = PBXResourcesBuildPhase;
			buildActionMask = 2147483647;
			files = (
				9BDC73B3214C7054005B2827 /* LaunchScreen.storyboard in Resources */,
				9BDC73B0214C7054005B2827 /* Assets.xcassets in Resources */,
				9BDC73AE214C7051005B2827 /* Main.storyboard in Resources */,
			);
			runOnlyForDeploymentPostprocessing = 0;
		};
		9BDC73B7214C7054005B2827 /* Resources */ = {
			isa = PBXResourcesBuildPhase;
			buildActionMask = 2147483647;
			files = (
			);
			runOnlyForDeploymentPostprocessing = 0;
		};
		9BDC73C2214C7054005B2827 /* Resources */ = {
			isa = PBXResourcesBuildPhase;
			buildActionMask = 2147483647;
			files = (
			);
			runOnlyForDeploymentPostprocessing = 0;
		};
/* End PBXResourcesBuildPhase section */

/* Begin PBXSourcesBuildPhase section */
		9BDC73A1214C7050005B2827 /* Sources */ = {
			isa = PBXSourcesBuildPhase;
			buildActionMask = 2147483647;
			files = (
				9BDC73AB214C7051005B2827 /* ViewController.swift in Sources */,
				9BDC73A9214C7051005B2827 /* AppDelegate.swift in Sources */,
			);
			runOnlyForDeploymentPostprocessing = 0;
		};
		9BDC73B5214C7054005B2827 /* Sources */ = {
			isa = PBXSourcesBuildPhase;
			buildActionMask = 2147483647;
			files = (
				9BDC73BE214C7054005B2827 /* TipCalTests.swift in Sources */,
			);
			runOnlyForDeploymentPostprocessing = 0;
		};
		9BDC73C0214C7054005B2827 /* Sources */ = {
			isa = PBXSourcesBuildPhase;
			buildActionMask = 2147483647;
			files = (
				9BDC73C9214C7054005B2827 /* TipCalUITests.swift in Sources */,
			);
			runOnlyForDeploymentPostprocessing = 0;
		};
/* End PBXSourcesBuildPhase section */

/* Begin PBXTargetDependency section */
		9BDC73BB214C7054005B2827 /* PBXTargetDependency */ = {
			isa = PBXTargetDependency;
			target = 9BDC73A4214C7050005B2827 /* TipCal */;
			targetProxy = 9BDC73BA214C7054005B2827 /* PBXContainerItemProxy */;
		};
		9BDC73C6214C7054005B2827 /* PBXTargetDependency */ = {
			isa = PBXTargetDependency;
			target = 9BDC73A4214C7050005B2827 /* TipCal */;
			targetProxy = 9BDC73C5214C7054005B2827 /* PBXContainerItemProxy */;
		};
/* End PBXTargetDependency section */

/* Begin PBXVariantGroup section */
		9BDC73AC214C7051005B2827 /* Main.storyboard */ = {
			isa = PBXVariantGroup;
			children = (
				9BDC73AD214C7051005B2827 /* Base */,
			);
			name = Main.storyboard;
			sourceTree = "<group>";
		};
		9BDC73B1214C7054005B2827 /* LaunchScreen.storyboard */ = {
			isa = PBXVariantGroup;
			children = (
				9BDC73B2214C7054005B2827 /* Base */,
			);
			name = LaunchScreen.storyboard;
			sourceTree = "<group>";
		};
/* End PBXVariantGroup section */

/* Begin XCBuildConfiguration section */
		9BDC73CB214C7054005B2827 /* Debug */ = {
			isa = XCBuildConfiguration;
			buildSettings = {
				ALWAYS_SEARCH_USER_PATHS = NO;
				CLANG_ANALYZER_NONNULL = YES;
				CLANG_ANALYZER_NUMBER_OBJECT_CONVERSION = YES_AGGRESSIVE;
				CLANG_CXX_LANGUAGE_STANDARD = "gnu++14";
				CLANG_CXX_LIBRARY = "libc++";
				CLANG_ENABLE_MODULES = YES;
				CLANG_ENABLE_OBJC_ARC = YES;
				CLANG_ENABLE_OBJC_WEAK = YES;
				CLANG_WARN_BLOCK_CAPTURE_AUTORELEASING = YES;
				CLANG_WARN_BOOL_CONVERSION = YES;
				CLANG_WARN_COMMA = YES;
				CLANG_WARN_CONSTANT_CONVERSION = YES;
				CLANG_WARN_DEPRECATED_OBJC_IMPLEMENTATIONS = YES;
				CLANG_WARN_DIRECT_OBJC_ISA_USAGE = YES_ERROR;
				CLANG_WARN_DOCUMENTATION_COMMENTS = YES;
				CLANG_WARN_EMPTY_BODY = YES;
				CLANG_WARN_ENUM_CONVERSION = YES;
				CLANG_WARN_INFINITE_RECURSION = YES;
				CLANG_WARN_INT_CONVERSION = YES;
				CLANG_WARN_NON_LITERAL_NULL_CONVERSION = YES;
				CLANG_WARN_OBJC_IMPLICIT_RETAIN_SELF = YES;
				CLANG_WARN_OBJC_LITERAL_CONVERSION = YES;
				CLANG_WARN_OBJC_ROOT_CLASS = YES_ERROR;
				CLANG_WARN_RANGE_LOOP_ANALYSIS = YES;
				CLANG_WARN_STRICT_PROTOTYPES = YES;
				CLANG_WARN_SUSPICIOUS_MOVE = YES;
				CLANG_WARN_UNGUARDED_AVAILABILITY = YES_AGGRESSIVE;
				CLANG_WARN_UNREACHABLE_CODE = YES;
				CLANG_WARN__DUPLICATE_METHOD_MATCH = YES;
				CODE_SIGN_IDENTITY = "iPhone Developer";
				COPY_PHASE_STRIP = NO;
				DEBUG_INFORMATION_FORMAT = dwarf;
				ENABLE_STRICT_OBJC_MSGSEND = YES;
				ENABLE_TESTABILITY = YES;
				GCC_C_LANGUAGE_STANDARD = gnu11;
				GCC_DYNAMIC_NO_PIC = NO;
				GCC_NO_COMMON_BLOCKS = YES;
				GCC_OPTIMIZATION_LEVEL = 0;
				GCC_PREPROCESSOR_DEFINITIONS = (
					"DEBUG=1",
					"$(inherited)",
				);
				GCC_WARN_64_TO_32_BIT_CONVERSION = YES;
				GCC_WARN_ABOUT_RETURN_TYPE = YES_ERROR;
				GCC_WARN_UNDECLARED_SELECTOR = YES;
				GCC_WARN_UNINITIALIZED_AUTOS = YES_AGGRESSIVE;
				GCC_WARN_UNUSED_FUNCTION = YES;
				GCC_WARN_UNUSED_VARIABLE = YES;
				IPHONEOS_DEPLOYMENT_TARGET = 11.4;
				MTL_ENABLE_DEBUG_INFO = YES;
				ONLY_ACTIVE_ARCH = YES;
				SDKROOT = iphoneos;
				SWIFT_ACTIVE_COMPILATION_CONDITIONS = DEBUG;
				SWIFT_OPTIMIZATION_LEVEL = "-Onone";
			};
			name = Debug;
		};
		9BDC73CC214C7054005B2827 /* Release */ = {
			isa = XCBuildConfiguration;
			buildSettings = {
				ALWAYS_SEARCH_USER_PATHS = NO;
				CLANG_ANALYZER_NONNULL = YES;
				CLANG_ANALYZER_NUMBER_OBJECT_CONVERSION = YES_AGGRESSIVE;
				CLANG_CXX_LANGUAGE_STANDARD = "gnu++14";
				CLANG_CXX_LIBRARY = "libc++";
				CLANG_ENABLE_MODULES = YES;
				CLANG_ENABLE_OBJC_ARC = YES;
				CLANG_ENABLE_OBJC_WEAK = YES;
				CLANG_WARN_BLOCK_CAPTURE_AUTORELEASING = YES;
				CLANG_WARN_BOOL_CONVERSION = YES;
				CLANG_WARN_COMMA = YES;
				CLANG_WARN_CONSTANT_CONVERSION = YES;
				CLANG_WARN_DEPRECATED_OBJC_IMPLEMENTATIONS = YES;
				CLANG_WARN_DIRECT_OBJC_ISA_USAGE = YES_ERROR;
				CLANG_WARN_DOCUMENTATION_COMMENTS = YES;
				CLANG_WARN_EMPTY_BODY = YES;
				CLANG_WARN_ENUM_CONVERSION = YES;
				CLANG_WARN_INFINITE_RECURSION = YES;
				CLANG_WARN_INT_CONVERSION = YES;
				CLANG_WARN_NON_LITERAL_NULL_CONVERSION = YES;
				CLANG_WARN_OBJC_IMPLICIT_RETAIN_SELF = YES;
				CLANG_WARN_OBJC_LITERAL_CONVERSION = YES;
				CLANG_WARN_OBJC_ROOT_CLASS = YES_ERROR;
				CLANG_WARN_RANGE_LOOP_ANALYSIS = YES;
				CLANG_WARN_STRICT_PROTOTYPES = YES;
				CLANG_WARN_SUSPICIOUS_MOVE = YES;
				CLANG_WARN_UNGUARDED_AVAILABILITY = YES_AGGRESSIVE;
				CLANG_WARN_UNREACHABLE_CODE = YES;
				CLANG_WARN__DUPLICATE_METHOD_MATCH = YES;
				CODE_SIGN_IDENTITY = "iPhone Developer";
				COPY_PHASE_STRIP = NO;
				DEBUG_INFORMATION_FORMAT = "dwarf-with-dsym";
				ENABLE_NS_ASSERTIONS = NO;
				ENABLE_STRICT_OBJC_MSGSEND = YES;
				GCC_C_LANGUAGE_STANDARD = gnu11;
				GCC_NO_COMMON_BLOCKS = YES;
				GCC_WARN_64_TO_32_BIT_CONVERSION = YES;
				GCC_WARN_ABOUT_RETURN_TYPE = YES_ERROR;
				GCC_WARN_UNDECLARED_SELECTOR = YES;
				GCC_WARN_UNINITIALIZED_AUTOS = YES_AGGRESSIVE;
				GCC_WARN_UNUSED_FUNCTION = YES;
				GCC_WARN_UNUSED_VARIABLE = YES;
				IPHONEOS_DEPLOYMENT_TARGET = 11.4;
				MTL_ENABLE_DEBUG_INFO = NO;
				SDKROOT = iphoneos;
				SWIFT_COMPILATION_MODE = wholemodule;
				SWIFT_OPTIMIZATION_LEVEL = "-O";
				VALIDATE_PRODUCT = YES;
			};
			name = Release;
		};
		9BDC73CE214C7054005B2827 /* Debug */ = {
			isa = XCBuildConfiguration;
			buildSettings = {
				ASSETCATALOG_COMPILER_APPICON_NAME = AppIcon;
				CODE_SIGN_STYLE = Automatic;
				INFOPLIST_FILE = TipCal/Info.plist;
				LD_RUNPATH_SEARCH_PATHS = (
					"$(inherited)",
					"@executable_path/Frameworks",
				);
				PRODUCT_BUNDLE_IDENTIFIER = com.codepath.TipCal;
				PRODUCT_NAME = "$(TARGET_NAME)";
				SWIFT_VERSION = 4.0;
				TARGETED_DEVICE_FAMILY = "1,2";
			};
			name = Debug;
		};
		9BDC73CF214C7054005B2827 /* Release */ = {
			isa = XCBuildConfiguration;
			buildSettings = {
				ASSETCATALOG_COMPILER_APPICON_NAME = AppIcon;
				CODE_SIGN_STYLE = Automatic;
				INFOPLIST_FILE = TipCal/Info.plist;
				LD_RUNPATH_SEARCH_PATHS = (
					"$(inherited)",
					"@executable_path/Frameworks",
				);
				PRODUCT_BUNDLE_IDENTIFIER = com.codepath.TipCal;
				PRODUCT_NAME = "$(TARGET_NAME)";
				SWIFT_VERSION = 4.0;
				TARGETED_DEVICE_FAMILY = "1,2";
			};
			name = Release;
		};
		9BDC73D1214C7054005B2827 /* Debug */ = {
			isa = XCBuildConfiguration;
			buildSettings = {
				ALWAYS_EMBED_SWIFT_STANDARD_LIBRARIES = YES;
				BUNDLE_LOADER = "$(TEST_HOST)";
				CODE_SIGN_STYLE = Automatic;
				INFOPLIST_FILE = TipCalTests/Info.plist;
				LD_RUNPATH_SEARCH_PATHS = (
					"$(inherited)",
					"@executable_path/Frameworks",
					"@loader_path/Frameworks",
				);
				PRODUCT_BUNDLE_IDENTIFIER = com.codepath.TipCalTests;
				PRODUCT_NAME = "$(TARGET_NAME)";
				SWIFT_VERSION = 4.0;
				TARGETED_DEVICE_FAMILY = "1,2";
				TEST_HOST = "$(BUILT_PRODUCTS_DIR)/TipCal.app/TipCal";
			};
			name = Debug;
		};
		9BDC73D2214C7054005B2827 /* Release */ = {
			isa = XCBuildConfiguration;
			buildSettings = {
				ALWAYS_EMBED_SWIFT_STANDARD_LIBRARIES = YES;
				BUNDLE_LOADER = "$(TEST_HOST)";
				CODE_SIGN_STYLE = Automatic;
				INFOPLIST_FILE = TipCalTests/Info.plist;
				LD_RUNPATH_SEARCH_PATHS = (
					"$(inherited)",
					"@executable_path/Frameworks",
					"@loader_path/Frameworks",
				);
				PRODUCT_BUNDLE_IDENTIFIER = com.codepath.TipCalTests;
				PRODUCT_NAME = "$(TARGET_NAME)";
				SWIFT_VERSION = 4.0;
				TARGETED_DEVICE_FAMILY = "1,2";
				TEST_HOST = "$(BUILT_PRODUCTS_DIR)/TipCal.app/TipCal";
			};
			name = Release;
		};
		9BDC73D4214C7054005B2827 /* Debug */ = {
			isa = XCBuildConfiguration;
			buildSettings = {
				ALWAYS_EMBED_SWIFT_STANDARD_LIBRARIES = YES;
				CODE_SIGN_STYLE = Automatic;
				INFOPLIST_FILE = TipCalUITests/Info.plist;
				LD_RUNPATH_SEARCH_PATHS = (
					"$(inherited)",
					"@executable_path/Frameworks",
					"@loader_path/Frameworks",
				);
				PRODUCT_BUNDLE_IDENTIFIER = com.codepath.TipCalUITests;
				PRODUCT_NAME = "$(TARGET_NAME)";
				SWIFT_VERSION = 4.0;
				TARGETED_DEVICE_FAMILY = "1,2";
				TEST_TARGET_NAME = TipCal;
			};
			name = Debug;
		};
		9BDC73D5214C7054005B2827 /* Release */ = {
			isa = XCBuildConfiguration;
			buildSettings = {
				ALWAYS_EMBED_SWIFT_STANDARD_LIBRARIES = YES;
				CODE_SIGN_STYLE = Automatic;
				INFOPLIST_FILE = TipCalUITests/Info.plist;
				LD_RUNPATH_SEARCH_PATHS = (
					"$(inherited)",
					"@executable_path/Frameworks",
					"@loader_path/Frameworks",
				);
				PRODUCT_BUNDLE_IDENTIFIER = com.codepath.TipCalUITests;
				PRODUCT_NAME = "$(TARGET_NAME)";
				SWIFT_VERSION = 4.0;
				TARGETED_DEVICE_FAMILY = "1,2";
				TEST_TARGET_NAME = TipCal;
			};
			name = Release;
		};
/* End XCBuildConfiguration section */

/* Begin XCConfigurationList section */
		9BDC73A0214C7050005B2827 /* Build configuration list for PBXProject "TipCal" */ = {
			isa = XCConfigurationList;
			buildConfigurations = (
				9BDC73CB214C7054005B2827 /* Debug */,
				9BDC73CC214C7054005B2827 /* Release */,
			);
			defaultConfigurationIsVisible = 0;
			defaultConfigurationName = Release;
		};
		9BDC73CD214C7054005B2827 /* Build configuration list for PBXNativeTarget "TipCal" */ = {
			isa = XCConfigurationList;
			buildConfigurations = (
				9BDC73CE214C7054005B2827 /* Debug */,
				9BDC73CF214C7054005B2827 /* Release */,
			);
			defaultConfigurationIsVisible = 0;
			defaultConfigurationName = Release;
		};
		9BDC73D0214C7054005B2827 /* Build configuration list for PBXNativeTarget "TipCalTests" */ = {
			isa = XCConfigurationList;
			buildConfigurations = (
				9BDC73D1214C7054005B2827 /* Debug */,
				9BDC73D2214C7054005B2827 /* Release */,
			);
			defaultConfigurationIsVisible = 0;
			defaultConfigurationName = Release;
		};
		9BDC73D3214C7054005B2827 /* Build configuration list for PBXNativeTarget "TipCalUITests" */ = {
			isa = XCConfigurationList;
			buildConfigurations = (
				9BDC73D4214C7054005B2827 /* Debug */,
				9BDC73D5214C7054005B2827 /* Release */,
			);
			defaultConfigurationIsVisible = 0;
			defaultConfigurationName = Release;
		};
/* End XCConfigurationList section */
	};
	rootObject = 9BDC739D214C7050005B2827 /* Project object */;
}
